
Microsoft Visual Studio Solution File, Format Version 12.00
# Visual Studio Version 17
VisualStudioVersion = 17.4.33122.133
MinimumVisualStudioVersion = 10.0.40219.1
Project("{FAE04EC0-301F-11D3-BF4B-00C04F79EFBC}") = "DisconnectedDB(practice mids)", "DisconnectedDB(practice mids)\DisconnectedDB(practice mids).csproj", "{3AFC84F9-444E-46AE-A870-3AA83D643764}"
EndProject
Global
	GlobalSection(SolutionConfigurationPlatforms) = preSolution
		Debug|Any CPU = Debug|Any CPU
		Release|Any CPU = Release|Any CPU
	EndGlobalSection
	GlobalSection(ProjectConfigurationPlatforms) = postSolution
		{3AFC84F9-444E-46AE-A870-3AA83D643764}.Debug|Any CPU.ActiveCfg = Debug|Any CPU
		{3AFC84F9-444E-46AE-A870-3AA83D643764}.Debug|Any CPU.Build.0 = Debug|Any CPU
		{3AFC84F9-444E-46AE-A870-3AA83D643764}.Release|Any CPU.ActiveCfg = Release|Any CPU
		{3AFC84F9-444E-46AE-A870-3AA83D643764}.Release|Any CPU.Build.0 = Release|Any CPU
	EndGlobalSection
	GlobalSection(SolutionProperties) = preSolution
		HideSolutionNode = FALSE
	EndGlobalSection
	GlobalSection(ExtensibilityGlobals) = postSolution
		SolutionGuid = {50AF3EE6-3B30-4C18-9A40-9BA5565A6E60}
	EndGlobalSection
EndGlobal
