
Microsoft Visual Studio Solution File, Format Version 12.00
# Visual Studio Version 17
VisualStudioVersion = 17.4.33103.184
MinimumVisualStudioVersion = 10.0.40219.1
Project("{FAE04EC0-301F-11D3-BF4B-00C04F79EFBC}") = "EAD_Lecture1To7", "EAD_Lecture1To7\EAD_Lecture1To7.csproj", "{F4F32475-D890-4282-89B1-60B3768A4AB0}"
EndProject
Global
	GlobalSection(SolutionConfigurationPlatforms) = preSolution
		Debug|Any CPU = Debug|Any CPU
		Release|Any CPU = Release|Any CPU
	EndGlobalSection
	GlobalSection(ProjectConfigurationPlatforms) = postSolution
		{F4F32475-D890-4282-89B1-60B3768A4AB0}.Debug|Any CPU.ActiveCfg = Debug|Any CPU
		{F4F32475-D890-4282-89B1-60B3768A4AB0}.Debug|Any CPU.Build.0 = Debug|Any CPU
		{F4F32475-D890-4282-89B1-60B3768A4AB0}.Release|Any CPU.ActiveCfg = Release|Any CPU
		{F4F32475-D890-4282-89B1-60B3768A4AB0}.Release|Any CPU.Build.0 = Release|Any CPU
	EndGlobalSection
	GlobalSection(SolutionProperties) = preSolution
		HideSolutionNode = FALSE
	EndGlobalSection
	GlobalSection(ExtensibilityGlobals) = postSolution
		SolutionGuid = {88FA3FFE-22B9-409D-907D-8369619295E0}
	EndGlobalSection
EndGlobal
