
Microsoft Visual Studio Solution File, Format Version 12.00
# Visual Studio Version 17
VisualStudioVersion = 17.4.33103.184
MinimumVisualStudioVersion = 10.0.40219.1
Project("{FAE04EC0-301F-11D3-BF4B-00C04F79EFBC}") = "Lecture1To7", "Lecture1To7\Lecture1To7.csproj", "{6AA4FC03-B051-43E7-BFD6-E62397F0C3C0}"
EndProject
Global
	GlobalSection(SolutionConfigurationPlatforms) = preSolution
		Debug|Any CPU = Debug|Any CPU
		Release|Any CPU = Release|Any CPU
	EndGlobalSection
	GlobalSection(ProjectConfigurationPlatforms) = postSolution
		{6AA4FC03-B051-43E7-BFD6-E62397F0C3C0}.Debug|Any CPU.ActiveCfg = Debug|Any CPU
		{6AA4FC03-B051-43E7-BFD6-E62397F0C3C0}.Debug|Any CPU.Build.0 = Debug|Any CPU
		{6AA4FC03-B051-43E7-BFD6-E62397F0C3C0}.Release|Any CPU.ActiveCfg = Release|Any CPU
		{6AA4FC03-B051-43E7-BFD6-E62397F0C3C0}.Release|Any CPU.Build.0 = Release|Any CPU
	EndGlobalSection
	GlobalSection(SolutionProperties) = preSolution
		HideSolutionNode = FALSE
	EndGlobalSection
	GlobalSection(ExtensibilityGlobals) = postSolution
		SolutionGuid = {37E0AC4C-BDE6-40E4-BCE2-3D010B83A675}
	EndGlobalSection
EndGlobal
