
Microsoft Visual Studio Solution File, Format Version 12.00
# Visual Studio Version 17
VisualStudioVersion = 17.4.33122.133
MinimumVisualStudioVersion = 10.0.40219.1
Project("{FAE04EC0-301F-11D3-BF4B-00C04F79EFBC}") = "Mids(Event)", "Mids(Event)\Mids(Event).csproj", "{E7A6A55B-9405-4440-A5C1-C4132049A35E}"
EndProject
Global
	GlobalSection(SolutionConfigurationPlatforms) = preSolution
		Debug|Any CPU = Debug|Any CPU
		Release|Any CPU = Release|Any CPU
	EndGlobalSection
	GlobalSection(ProjectConfigurationPlatforms) = postSolution
		{E7A6A55B-9405-4440-A5C1-C4132049A35E}.Debug|Any CPU.ActiveCfg = Debug|Any CPU
		{E7A6A55B-9405-4440-A5C1-C4132049A35E}.Debug|Any CPU.Build.0 = Debug|Any CPU
		{E7A6A55B-9405-4440-A5C1-C4132049A35E}.Release|Any CPU.ActiveCfg = Release|Any CPU
		{E7A6A55B-9405-4440-A5C1-C4132049A35E}.Release|Any CPU.Build.0 = Release|Any CPU
	EndGlobalSection
	GlobalSection(SolutionProperties) = preSolution
		HideSolutionNode = FALSE
	EndGlobalSection
	GlobalSection(ExtensibilityGlobals) = postSolution
		SolutionGuid = {3E313909-2832-41D8-BAA5-8A0D06FF3DD7}
	EndGlobalSection
EndGlobal
