
Microsoft Visual Studio Solution File, Format Version 12.00
# Visual Studio Version 16
VisualStudioVersion = 16.0.32929.386
MinimumVisualStudioVersion = 10.0.40219.1
Project("{FAE04EC0-301F-11D3-BF4B-00C04F79EFBC}") = "PatientClassLibrary", "PatientClassLibrary\PatientClassLibrary.csproj", "{12C57AA3-65A8-42EE-A781-2F62F46B499A}"
EndProject
Global
	GlobalSection(SolutionConfigurationPlatforms) = preSolution
		Debug|Any CPU = Debug|Any CPU
		Release|Any CPU = Release|Any CPU
	EndGlobalSection
	GlobalSection(ProjectConfigurationPlatforms) = postSolution
		{12C57AA3-65A8-42EE-A781-2F62F46B499A}.Debug|Any CPU.ActiveCfg = Debug|Any CPU
		{12C57AA3-65A8-42EE-A781-2F62F46B499A}.Debug|Any CPU.Build.0 = Debug|Any CPU
		{12C57AA3-65A8-42EE-A781-2F62F46B499A}.Release|Any CPU.ActiveCfg = Release|Any CPU
		{12C57AA3-65A8-42EE-A781-2F62F46B499A}.Release|Any CPU.Build.0 = Release|Any CPU
	EndGlobalSection
	GlobalSection(SolutionProperties) = preSolution
		HideSolutionNode = FALSE
	EndGlobalSection
	GlobalSection(ExtensibilityGlobals) = postSolution
		SolutionGuid = {F1E59B72-6717-49EA-9A26-2F6CD8329E35}
	EndGlobalSection
EndGlobal
