
Microsoft Visual Studio Solution File, Format Version 12.00
# Visual Studio Version 17
VisualStudioVersion = 17.0.32014.148
MinimumVisualStudioVersion = 10.0.40219.1
Project("{FAE04EC0-301F-11D3-BF4B-00C04F79EFBC}") = "EAD_INMEMORYDB", "EAD_INMEMORYDB\EAD_INMEMORYDB.csproj", "{45122A3B-D891-4A19-A772-22C82E72F793}"
EndProject
Global
	GlobalSection(SolutionConfigurationPlatforms) = preSolution
		Debug|Any CPU = Debug|Any CPU
		Release|Any CPU = Release|Any CPU
	EndGlobalSection
	GlobalSection(ProjectConfigurationPlatforms) = postSolution
		{45122A3B-D891-4A19-A772-22C82E72F793}.Debug|Any CPU.ActiveCfg = Debug|Any CPU
		{45122A3B-D891-4A19-A772-22C82E72F793}.Debug|Any CPU.Build.0 = Debug|Any CPU
		{45122A3B-D891-4A19-A772-22C82E72F793}.Release|Any CPU.ActiveCfg = Release|Any CPU
		{45122A3B-D891-4A19-A772-22C82E72F793}.Release|Any CPU.Build.0 = Release|Any CPU
	EndGlobalSection
	GlobalSection(SolutionProperties) = preSolution
		HideSolutionNode = FALSE
	EndGlobalSection
	GlobalSection(ExtensibilityGlobals) = postSolution
		SolutionGuid = {66FC5CC1-5DCE-4D3D-85CF-3C30992BF225}
	EndGlobalSection
EndGlobal
