
Microsoft Visual Studio Solution File, Format Version 12.00
# Visual Studio Version 17
VisualStudioVersion = 17.3.32929.385
MinimumVisualStudioVersion = 10.0.40219.1
Project("{FAE04EC0-301F-11D3-BF4B-00C04F79EFBC}") = "ConsoleApp3", "ConsoleApp3\ConsoleApp3.csproj", "{11B67909-FBCF-4374-8091-F6B5133CDA0E}"
EndProject
Project("{FAE04EC0-301F-11D3-BF4B-00C04F79EFBC}") = "PL", "PL\PL.csproj", "{F1581A7E-CC51-40CD-82B2-1B99E9AE2055}"
EndProject
Project("{FAE04EC0-301F-11D3-BF4B-00C04F79EFBC}") = "DTO", "DTO\DTO.csproj", "{1C0AA162-058F-44EB-BABD-5F89E4079B8D}"
EndProject
Project("{FAE04EC0-301F-11D3-BF4B-00C04F79EFBC}") = "BLL", "BLL\BLL.csproj", "{3B20AC14-0F8B-4724-AB39-076250C37CD8}"
EndProject
Project("{FAE04EC0-301F-11D3-BF4B-00C04F79EFBC}") = "DAL", "DAL\DAL.csproj", "{4C5DFA2D-A0BF-4E77-9E44-49621528EC82}"
EndProject
Global
	GlobalSection(SolutionConfigurationPlatforms) = preSolution
		Debug|Any CPU = Debug|Any CPU
		Release|Any CPU = Release|Any CPU
	EndGlobalSection
	GlobalSection(ProjectConfigurationPlatforms) = postSolution
		{11B67909-FBCF-4374-8091-F6B5133CDA0E}.Debug|Any CPU.ActiveCfg = Debug|Any CPU
		{11B67909-FBCF-4374-8091-F6B5133CDA0E}.Debug|Any CPU.Build.0 = Debug|Any CPU
		{11B67909-FBCF-4374-8091-F6B5133CDA0E}.Release|Any CPU.ActiveCfg = Release|Any CPU
		{11B67909-FBCF-4374-8091-F6B5133CDA0E}.Release|Any CPU.Build.0 = Release|Any CPU
		{F1581A7E-CC51-40CD-82B2-1B99E9AE2055}.Debug|Any CPU.ActiveCfg = Debug|Any CPU
		{F1581A7E-CC51-40CD-82B2-1B99E9AE2055}.Debug|Any CPU.Build.0 = Debug|Any CPU
		{F1581A7E-CC51-40CD-82B2-1B99E9AE2055}.Release|Any CPU.ActiveCfg = Release|Any CPU
		{F1581A7E-CC51-40CD-82B2-1B99E9AE2055}.Release|Any CPU.Build.0 = Release|Any CPU
		{1C0AA162-058F-44EB-BABD-5F89E4079B8D}.Debug|Any CPU.ActiveCfg = Debug|Any CPU
		{1C0AA162-058F-44EB-BABD-5F89E4079B8D}.Debug|Any CPU.Build.0 = Debug|Any CPU
		{1C0AA162-058F-44EB-BABD-5F89E4079B8D}.Release|Any CPU.ActiveCfg = Release|Any CPU
		{1C0AA162-058F-44EB-BABD-5F89E4079B8D}.Release|Any CPU.Build.0 = Release|Any CPU
		{3B20AC14-0F8B-4724-AB39-076250C37CD8}.Debug|Any CPU.ActiveCfg = Debug|Any CPU
		{3B20AC14-0F8B-4724-AB39-076250C37CD8}.Debug|Any CPU.Build.0 = Debug|Any CPU
		{3B20AC14-0F8B-4724-AB39-076250C37CD8}.Release|Any CPU.ActiveCfg = Release|Any CPU
		{3B20AC14-0F8B-4724-AB39-076250C37CD8}.Release|Any CPU.Build.0 = Release|Any CPU
		{4C5DFA2D-A0BF-4E77-9E44-49621528EC82}.Debug|Any CPU.ActiveCfg = Debug|Any CPU
		{4C5DFA2D-A0BF-4E77-9E44-49621528EC82}.Debug|Any CPU.Build.0 = Debug|Any CPU
		{4C5DFA2D-A0BF-4E77-9E44-49621528EC82}.Release|Any CPU.ActiveCfg = Release|Any CPU
		{4C5DFA2D-A0BF-4E77-9E44-49621528EC82}.Release|Any CPU.Build.0 = Release|Any CPU
	EndGlobalSection
	GlobalSection(SolutionProperties) = preSolution
		HideSolutionNode = FALSE
	EndGlobalSection
	GlobalSection(ExtensibilityGlobals) = postSolution
		SolutionGuid = {64EB0718-2349-4494-84B5-A355AA3942A0}
	EndGlobalSection
EndGlobal
