
Microsoft Visual Studio Solution File, Format Version 12.00
# Visual Studio Version 17
VisualStudioVersion = 17.4.33103.184
MinimumVisualStudioVersion = 10.0.40219.1
Project("{FAE04EC0-301F-11D3-BF4B-00C04F79EFBC}") = "In_memory(db)", "In_memory(db)\In_memory(db).csproj", "{15F73B6A-F5F2-47FE-92D9-87C066527AB6}"
EndProject
Global
	GlobalSection(SolutionConfigurationPlatforms) = preSolution
		Debug|Any CPU = Debug|Any CPU
		Release|Any CPU = Release|Any CPU
	EndGlobalSection
	GlobalSection(ProjectConfigurationPlatforms) = postSolution
		{15F73B6A-F5F2-47FE-92D9-87C066527AB6}.Debug|Any CPU.ActiveCfg = Debug|Any CPU
		{15F73B6A-F5F2-47FE-92D9-87C066527AB6}.Debug|Any CPU.Build.0 = Debug|Any CPU
		{15F73B6A-F5F2-47FE-92D9-87C066527AB6}.Release|Any CPU.ActiveCfg = Release|Any CPU
		{15F73B6A-F5F2-47FE-92D9-87C066527AB6}.Release|Any CPU.Build.0 = Release|Any CPU
	EndGlobalSection
	GlobalSection(SolutionProperties) = preSolution
		HideSolutionNode = FALSE
	EndGlobalSection
	GlobalSection(ExtensibilityGlobals) = postSolution
		SolutionGuid = {88810F5F-F484-4447-AB6C-B507C338F5F4}
	EndGlobalSection
EndGlobal
