
Microsoft Visual Studio Solution File, Format Version 12.00
# Visual Studio Version 17
VisualStudioVersion = 17.4.33122.133
MinimumVisualStudioVersion = 10.0.40219.1
Project("{FAE04EC0-301F-11D3-BF4B-00C04F79EFBC}") = "InMemory(Disconnected Model)", "InMemory(Disconnected Model)\InMemory(Disconnected Model).csproj", "{C60B089C-84E1-4DEC-B861-D30C19EB3398}"
EndProject
Global
	GlobalSection(SolutionConfigurationPlatforms) = preSolution
		Debug|Any CPU = Debug|Any CPU
		Release|Any CPU = Release|Any CPU
	EndGlobalSection
	GlobalSection(ProjectConfigurationPlatforms) = postSolution
		{C60B089C-84E1-4DEC-B861-D30C19EB3398}.Debug|Any CPU.ActiveCfg = Debug|Any CPU
		{C60B089C-84E1-4DEC-B861-D30C19EB3398}.Debug|Any CPU.Build.0 = Debug|Any CPU
		{C60B089C-84E1-4DEC-B861-D30C19EB3398}.Release|Any CPU.ActiveCfg = Release|Any CPU
		{C60B089C-84E1-4DEC-B861-D30C19EB3398}.Release|Any CPU.Build.0 = Release|Any CPU
	EndGlobalSection
	GlobalSection(SolutionProperties) = preSolution
		HideSolutionNode = FALSE
	EndGlobalSection
	GlobalSection(ExtensibilityGlobals) = postSolution
		SolutionGuid = {26E44C44-2642-4493-8935-E778BA9BA733}
	EndGlobalSection
EndGlobal
