
Microsoft Visual Studio Solution File, Format Version 12.00
# Visual Studio Version 17
VisualStudioVersion = 17.4.33103.184
MinimumVisualStudioVersion = 10.0.40219.1
Project("{FAE04EC0-301F-11D3-BF4B-00C04F79EFBC}") = "delegates", "delegates\delegates.csproj", "{1374E43E-5271-4512-B744-36DEEFDDD922}"
EndProject
Global
	GlobalSection(SolutionConfigurationPlatforms) = preSolution
		Debug|Any CPU = Debug|Any CPU
		Release|Any CPU = Release|Any CPU
	EndGlobalSection
	GlobalSection(ProjectConfigurationPlatforms) = postSolution
		{1374E43E-5271-4512-B744-36DEEFDDD922}.Debug|Any CPU.ActiveCfg = Debug|Any CPU
		{1374E43E-5271-4512-B744-36DEEFDDD922}.Debug|Any CPU.Build.0 = Debug|Any CPU
		{1374E43E-5271-4512-B744-36DEEFDDD922}.Release|Any CPU.ActiveCfg = Release|Any CPU
		{1374E43E-5271-4512-B744-36DEEFDDD922}.Release|Any CPU.Build.0 = Release|Any CPU
	EndGlobalSection
	GlobalSection(SolutionProperties) = preSolution
		HideSolutionNode = FALSE
	EndGlobalSection
	GlobalSection(ExtensibilityGlobals) = postSolution
		SolutionGuid = {8175F430-8E86-4D2D-8708-FE5DC3516DD0}
	EndGlobalSection
EndGlobal
