
Microsoft Visual Studio Solution File, Format Version 12.00
# Visual Studio Version 17
VisualStudioVersion = 17.3.32929.385
MinimumVisualStudioVersion = 10.0.40219.1
Project("{9A19103F-16F7-4668-BE54-9A1E7A4F7556}") = "PatientClassLibrary", "PatientClassLibrary\PatientClassLibrary.csproj", "{861F4E3A-D8BD-4CAC-A45E-8CC6B3D6A9B1}"
EndProject
Project("{FAE04EC0-301F-11D3-BF4B-00C04F79EFBC}") = "My_HW", "My_HW\My_HW.csproj", "{C3F84361-BCE2-4B69-8708-BBC03D51385D}"
EndProject
Global
	GlobalSection(SolutionConfigurationPlatforms) = preSolution
		Debug|Any CPU = Debug|Any CPU
		Release|Any CPU = Release|Any CPU
	EndGlobalSection
	GlobalSection(ProjectConfigurationPlatforms) = postSolution
		{861F4E3A-D8BD-4CAC-A45E-8CC6B3D6A9B1}.Debug|Any CPU.ActiveCfg = Debug|Any CPU
		{861F4E3A-D8BD-4CAC-A45E-8CC6B3D6A9B1}.Debug|Any CPU.Build.0 = Debug|Any CPU
		{861F4E3A-D8BD-4CAC-A45E-8CC6B3D6A9B1}.Release|Any CPU.ActiveCfg = Release|Any CPU
		{861F4E3A-D8BD-4CAC-A45E-8CC6B3D6A9B1}.Release|Any CPU.Build.0 = Release|Any CPU
		{C3F84361-BCE2-4B69-8708-BBC03D51385D}.Debug|Any CPU.ActiveCfg = Debug|Any CPU
		{C3F84361-BCE2-4B69-8708-BBC03D51385D}.Debug|Any CPU.Build.0 = Debug|Any CPU
		{C3F84361-BCE2-4B69-8708-BBC03D51385D}.Release|Any CPU.ActiveCfg = Release|Any CPU
		{C3F84361-BCE2-4B69-8708-BBC03D51385D}.Release|Any CPU.Build.0 = Release|Any CPU
	EndGlobalSection
	GlobalSection(SolutionProperties) = preSolution
		HideSolutionNode = FALSE
	EndGlobalSection
	GlobalSection(ExtensibilityGlobals) = postSolution
		SolutionGuid = {E157F8EE-6931-48D0-8EF8-A2D6DED8782D}
	EndGlobalSection
EndGlobal
