
Microsoft Visual Studio Solution File, Format Version 12.00
# Visual Studio Version 17
VisualStudioVersion = 17.3.32929.385
MinimumVisualStudioVersion = 10.0.40219.1
Project("{FAE04EC0-301F-11D3-BF4B-00C04F79EFBC}") = "ConsoleApp4", "ConsoleApp4\ConsoleApp4.csproj", "{17AE1E40-63E6-4527-BCC2-4BB43CF2F3F3}"
EndProject
Global
	GlobalSection(SolutionConfigurationPlatforms) = preSolution
		Debug|Any CPU = Debug|Any CPU
		Release|Any CPU = Release|Any CPU
	EndGlobalSection
	GlobalSection(ProjectConfigurationPlatforms) = postSolution
		{17AE1E40-63E6-4527-BCC2-4BB43CF2F3F3}.Debug|Any CPU.ActiveCfg = Debug|Any CPU
		{17AE1E40-63E6-4527-BCC2-4BB43CF2F3F3}.Debug|Any CPU.Build.0 = Debug|Any CPU
		{17AE1E40-63E6-4527-BCC2-4BB43CF2F3F3}.Release|Any CPU.ActiveCfg = Release|Any CPU
		{17AE1E40-63E6-4527-BCC2-4BB43CF2F3F3}.Release|Any CPU.Build.0 = Release|Any CPU
	EndGlobalSection
	GlobalSection(SolutionProperties) = preSolution
		HideSolutionNode = FALSE
	EndGlobalSection
	GlobalSection(ExtensibilityGlobals) = postSolution
		SolutionGuid = {0202E334-1DCE-4374-A504-311C88E77B6E}
	EndGlobalSection
EndGlobal
